
Microsoft Visual Studio Solution File, Format Version 12.00
# Visual Studio 15
VisualStudioVersion = 15.0.28307.168
MinimumVisualStudioVersion = 10.0.40219.1
Project("{FAE04EC0-301F-11D3-BF4B-00C04F79EFBC}") = "DeckSorter", "DeckSorter\DeckSorter.csproj", "{D727C4B8-5731-419F-8462-4508026F5CAC}"
EndProject
Global
	GlobalSection(SolutionConfigurationPlatforms) = preSolution
		Debug|Any CPU = Debug|Any CPU
		Release|Any CPU = Release|Any CPU
	EndGlobalSection
	GlobalSection(ProjectConfigurationPlatforms) = postSolution
		{D727C4B8-5731-419F-8462-4508026F5CAC}.Debug|Any CPU.ActiveCfg = Debug|Any CPU
		{D727C4B8-5731-419F-8462-4508026F5CAC}.Debug|Any CPU.Build.0 = Debug|Any CPU
		{D727C4B8-5731-419F-8462-4508026F5CAC}.Release|Any CPU.ActiveCfg = Release|Any CPU
		{D727C4B8-5731-419F-8462-4508026F5CAC}.Release|Any CPU.Build.0 = Release|Any CPU
	EndGlobalSection
	GlobalSection(SolutionProperties) = preSolution
		HideSolutionNode = FALSE
	EndGlobalSection
	GlobalSection(ExtensibilityGlobals) = postSolution
		SolutionGuid = {CEB3F660-421C-418B-A961-6D7EDA28643E}
	EndGlobalSection
EndGlobal
